
Microsoft Visual Studio Solution File, Format Version 12.00
# Visual Studio Version 17
VisualStudioVersion = 17.13.35913.81
MinimumVisualStudioVersion = 10.0.40219.1
Project("{FAE04EC0-301F-11D3-BF4B-00C04F79EFBC}") = "NashTech_TCG_API", "NashTech_TCG_API.csproj", "{8085CA3F-E54C-48BC-91B1-9D0606DA8E4B}"
EndProject
Project("{FAE04EC0-301F-11D3-BF4B-00C04F79EFBC}") = "NashTech_TCG_ShareViewModels", "..\NashTech_TCG_ShareViewModels\NashTech_TCG_ShareViewModels.csproj", "{397E160C-26F2-454C-9EE3-AB1861557C15}"
EndProject
Project("{FAE04EC0-301F-11D3-BF4B-00C04F79EFBC}") = "NashTech_TCG_UnitTest", "..\NashTech_TCG_UnitTest\NashTech_TCG_UnitTest.csproj", "{A9A3EC36-785D-4FD8-A1C5-14F2A975E9C3}"
EndProject
Project("{FAE04EC0-301F-11D3-BF4B-00C04F79EFBC}") = "NashTech_TCG_MVC", "..\NashTech_TCG_MVC\NashTech_TCG_MVC.csproj", "{2282D29A-7511-40F6-B599-1299A86CCB51}"
EndProject
Global
	GlobalSection(SolutionConfigurationPlatforms) = preSolution
		Debug|Any CPU = Debug|Any CPU
		Release|Any CPU = Release|Any CPU
	EndGlobalSection
	GlobalSection(ProjectConfigurationPlatforms) = postSolution
		{8085CA3F-E54C-48BC-91B1-9D0606DA8E4B}.Debug|Any CPU.ActiveCfg = Debug|Any CPU
		{8085CA3F-E54C-48BC-91B1-9D0606DA8E4B}.Debug|Any CPU.Build.0 = Debug|Any CPU
		{8085CA3F-E54C-48BC-91B1-9D0606DA8E4B}.Release|Any CPU.ActiveCfg = Release|Any CPU
		{8085CA3F-E54C-48BC-91B1-9D0606DA8E4B}.Release|Any CPU.Build.0 = Release|Any CPU
		{397E160C-26F2-454C-9EE3-AB1861557C15}.Debug|Any CPU.ActiveCfg = Debug|Any CPU
		{397E160C-26F2-454C-9EE3-AB1861557C15}.Debug|Any CPU.Build.0 = Debug|Any CPU
		{397E160C-26F2-454C-9EE3-AB1861557C15}.Release|Any CPU.ActiveCfg = Release|Any CPU
		{397E160C-26F2-454C-9EE3-AB1861557C15}.Release|Any CPU.Build.0 = Release|Any CPU
		{A9A3EC36-785D-4FD8-A1C5-14F2A975E9C3}.Debug|Any CPU.ActiveCfg = Debug|Any CPU
		{A9A3EC36-785D-4FD8-A1C5-14F2A975E9C3}.Debug|Any CPU.Build.0 = Debug|Any CPU
		{A9A3EC36-785D-4FD8-A1C5-14F2A975E9C3}.Release|Any CPU.ActiveCfg = Release|Any CPU
		{A9A3EC36-785D-4FD8-A1C5-14F2A975E9C3}.Release|Any CPU.Build.0 = Release|Any CPU
		{2282D29A-7511-40F6-B599-1299A86CCB51}.Debug|Any CPU.ActiveCfg = Debug|Any CPU
		{2282D29A-7511-40F6-B599-1299A86CCB51}.Debug|Any CPU.Build.0 = Debug|Any CPU
		{2282D29A-7511-40F6-B599-1299A86CCB51}.Release|Any CPU.ActiveCfg = Release|Any CPU
		{2282D29A-7511-40F6-B599-1299A86CCB51}.Release|Any CPU.Build.0 = Release|Any CPU
	EndGlobalSection
	GlobalSection(SolutionProperties) = preSolution
		HideSolutionNode = FALSE
	EndGlobalSection
	GlobalSection(ExtensibilityGlobals) = postSolution
		SolutionGuid = {1C271D72-49F8-43DE-BAA9-74C5BCCEA67A}
	EndGlobalSection
EndGlobal
